
Microsoft Visual Studio Solution File, Format Version 12.00
# Visual Studio Version 17
VisualStudioVersion = 17.11.35312.102
MinimumVisualStudioVersion = 10.0.40219.1
Project("{FAE04EC0-301F-11D3-BF4B-00C04F79EFBC}") = "EmployeeAbstract", "EmployeeAbstract\EmployeeAbstract.csproj", "{F7B722CE-8585-41AF-88BD-23B2F906F406}"
EndProject
Global
	GlobalSection(SolutionConfigurationPlatforms) = preSolution
		Debug|Any CPU = Debug|Any CPU
		Release|Any CPU = Release|Any CPU
	EndGlobalSection
	GlobalSection(ProjectConfigurationPlatforms) = postSolution
		{F7B722CE-8585-41AF-88BD-23B2F906F406}.Debug|Any CPU.ActiveCfg = Debug|Any CPU
		{F7B722CE-8585-41AF-88BD-23B2F906F406}.Debug|Any CPU.Build.0 = Debug|Any CPU
		{F7B722CE-8585-41AF-88BD-23B2F906F406}.Release|Any CPU.ActiveCfg = Release|Any CPU
		{F7B722CE-8585-41AF-88BD-23B2F906F406}.Release|Any CPU.Build.0 = Release|Any CPU
	EndGlobalSection
	GlobalSection(SolutionProperties) = preSolution
		HideSolutionNode = FALSE
	EndGlobalSection
	GlobalSection(ExtensibilityGlobals) = postSolution
		SolutionGuid = {1C4D0588-0AB3-423A-929A-421A3A7635A6}
	EndGlobalSection
EndGlobal
