
Microsoft Visual Studio Solution File, Format Version 12.00
# Visual Studio Version 17
VisualStudioVersion = 17.11.35312.102
MinimumVisualStudioVersion = 10.0.40219.1
Project("{FAE04EC0-301F-11D3-BF4B-00C04F79EFBC}") = "AcademyDB", "AcademyDB\AcademyDB.csproj", "{58D1D4AE-2868-4C4E-B206-8E31CDA59BBF}"
EndProject
Global
	GlobalSection(SolutionConfigurationPlatforms) = preSolution
		Debug|Any CPU = Debug|Any CPU
		Release|Any CPU = Release|Any CPU
	EndGlobalSection
	GlobalSection(ProjectConfigurationPlatforms) = postSolution
		{58D1D4AE-2868-4C4E-B206-8E31CDA59BBF}.Debug|Any CPU.ActiveCfg = Debug|Any CPU
		{58D1D4AE-2868-4C4E-B206-8E31CDA59BBF}.Debug|Any CPU.Build.0 = Debug|Any CPU
		{58D1D4AE-2868-4C4E-B206-8E31CDA59BBF}.Release|Any CPU.ActiveCfg = Release|Any CPU
		{58D1D4AE-2868-4C4E-B206-8E31CDA59BBF}.Release|Any CPU.Build.0 = Release|Any CPU
	EndGlobalSection
	GlobalSection(SolutionProperties) = preSolution
		HideSolutionNode = FALSE
	EndGlobalSection
	GlobalSection(ExtensibilityGlobals) = postSolution
		SolutionGuid = {D6C25D56-20BF-45F1-BAC3-6A39D4E64EB0}
	EndGlobalSection
EndGlobal
